// !$*UTF8*$!
{
	archiveVersion = 1;
	classes = {
	};
	objectVersion = 50;
	objects = {

/* Begin PBXBuildFile section */
		A2D68785266026B40064E12F /* AppDelegate.swift in Sources */ = {isa = PBXBuildFile; fileRef = A2D68784266026B40064E12F /* AppDelegate.swift */; };
		A2D68787266026B40064E12F /* SceneDelegate.swift in Sources */ = {isa = PBXBuildFile; fileRef = A2D68786266026B40064E12F /* SceneDelegate.swift */; };
		A2D6878E266026B50064E12F /* Assets.xcassets in Resources */ = {isa = PBXBuildFile; fileRef = A2D6878D266026B50064E12F /* Assets.xcassets */; };
		A2D68791266026B50064E12F /* LaunchScreen.storyboard in Resources */ = {isa = PBXBuildFile; fileRef = A2D6878F266026B50064E12F /* LaunchScreen.storyboard */; };
		A2D6879C266026B50064E12F /* ForecastrTests.swift in Sources */ = {isa = PBXBuildFile; fileRef = A2D6879B266026B50064E12F /* ForecastrTests.swift */; };
		A2D687A7266026B50064E12F /* ForecastrUITests.swift in Sources */ = {isa = PBXBuildFile; fileRef = A2D687A6266026B50064E12F /* ForecastrUITests.swift */; };
		A2D687CA26615A4E0064E12F /* CurrentLocationVC.swift in Sources */ = {isa = PBXBuildFile; fileRef = A2D687C926615A4E0064E12F /* CurrentLocationVC.swift */; };
		A2D687D026615BA60064E12F /* WeatherForecast.swift in Sources */ = {isa = PBXBuildFile; fileRef = A2D687CF26615BA60064E12F /* WeatherForecast.swift */; };
		A2D687D826615F460064E12F /* NetworkManager.swift in Sources */ = {isa = PBXBuildFile; fileRef = A2D687D726615F460064E12F /* NetworkManager.swift */; };
		A2D687DD266161A80064E12F /* FRError.swift in Sources */ = {isa = PBXBuildFile; fileRef = A2D687DC266161A80064E12F /* FRError.swift */; };
		A2D687E626617A810064E12F /* FRButton.swift in Sources */ = {isa = PBXBuildFile; fileRef = A2D687E526617A810064E12F /* FRButton.swift */; };
/* End PBXBuildFile section */

/* Begin PBXContainerItemProxy section */
		A2D68798266026B50064E12F /* PBXContainerItemProxy */ = {
			isa = PBXContainerItemProxy;
			containerPortal = A2D68779266026B40064E12F /* Project object */;
			proxyType = 1;
			remoteGlobalIDString = A2D68780266026B40064E12F;
			remoteInfo = Forecastr;
		};
		A2D687A3266026B50064E12F /* PBXContainerItemProxy */ = {
			isa = PBXContainerItemProxy;
			containerPortal = A2D68779266026B40064E12F /* Project object */;
			proxyType = 1;
			remoteGlobalIDString = A2D68780266026B40064E12F;
			remoteInfo = Forecastr;
		};
/* End PBXContainerItemProxy section */

/* Begin PBXFileReference section */
		A2D68781266026B40064E12F /* Forecastr.app */ = {isa = PBXFileReference; explicitFileType = wrapper.application; includeInIndex = 0; path = Forecastr.app; sourceTree = BUILT_PRODUCTS_DIR; };
		A2D68784266026B40064E12F /* AppDelegate.swift */ = {isa = PBXFileReference; lastKnownFileType = sourcecode.swift; path = AppDelegate.swift; sourceTree = "<group>"; };
		A2D68786266026B40064E12F /* SceneDelegate.swift */ = {isa = PBXFileReference; lastKnownFileType = sourcecode.swift; path = SceneDelegate.swift; sourceTree = "<group>"; };
		A2D6878D266026B50064E12F /* Assets.xcassets */ = {isa = PBXFileReference; lastKnownFileType = folder.assetcatalog; path = Assets.xcassets; sourceTree = "<group>"; };
		A2D68790266026B50064E12F /* Base */ = {isa = PBXFileReference; lastKnownFileType = file.storyboard; name = Base; path = Base.lproj/LaunchScreen.storyboard; sourceTree = "<group>"; };
		A2D68792266026B50064E12F /* Info.plist */ = {isa = PBXFileReference; lastKnownFileType = text.plist.xml; path = Info.plist; sourceTree = "<group>"; };
		A2D68797266026B50064E12F /* ForecastrTests.xctest */ = {isa = PBXFileReference; explicitFileType = wrapper.cfbundle; includeInIndex = 0; path = ForecastrTests.xctest; sourceTree = BUILT_PRODUCTS_DIR; };
		A2D6879B266026B50064E12F /* ForecastrTests.swift */ = {isa = PBXFileReference; lastKnownFileType = sourcecode.swift; path = ForecastrTests.swift; sourceTree = "<group>"; };
		A2D6879D266026B50064E12F /* Info.plist */ = {isa = PBXFileReference; lastKnownFileType = text.plist.xml; path = Info.plist; sourceTree = "<group>"; };
		A2D687A2266026B50064E12F /* ForecastrUITests.xctest */ = {isa = PBXFileReference; explicitFileType = wrapper.cfbundle; includeInIndex = 0; path = ForecastrUITests.xctest; sourceTree = BUILT_PRODUCTS_DIR; };
		A2D687A6266026B50064E12F /* ForecastrUITests.swift */ = {isa = PBXFileReference; lastKnownFileType = sourcecode.swift; path = ForecastrUITests.swift; sourceTree = "<group>"; };
		A2D687A8266026B50064E12F /* Info.plist */ = {isa = PBXFileReference; lastKnownFileType = text.plist.xml; path = Info.plist; sourceTree = "<group>"; };
		A2D687C926615A4E0064E12F /* CurrentLocationVC.swift */ = {isa = PBXFileReference; lastKnownFileType = sourcecode.swift; path = CurrentLocationVC.swift; sourceTree = "<group>"; };
		A2D687CF26615BA60064E12F /* WeatherForecast.swift */ = {isa = PBXFileReference; lastKnownFileType = sourcecode.swift; path = WeatherForecast.swift; sourceTree = "<group>"; };
		A2D687D726615F460064E12F /* NetworkManager.swift */ = {isa = PBXFileReference; lastKnownFileType = sourcecode.swift; path = NetworkManager.swift; sourceTree = "<group>"; };
		A2D687DC266161A80064E12F /* FRError.swift */ = {isa = PBXFileReference; lastKnownFileType = sourcecode.swift; path = FRError.swift; sourceTree = "<group>"; };
		A2D687E526617A810064E12F /* FRButton.swift */ = {isa = PBXFileReference; lastKnownFileType = sourcecode.swift; path = FRButton.swift; sourceTree = "<group>"; };
/* End PBXFileReference section */

/* Begin PBXFrameworksBuildPhase section */
		A2D6877E266026B40064E12F /* Frameworks */ = {
			isa = PBXFrameworksBuildPhase;
			buildActionMask = 2147483647;
			files = (
			);
			runOnlyForDeploymentPostprocessing = 0;
		};
		A2D68794266026B50064E12F /* Frameworks */ = {
			isa = PBXFrameworksBuildPhase;
			buildActionMask = 2147483647;
			files = (
			);
			runOnlyForDeploymentPostprocessing = 0;
		};
		A2D6879F266026B50064E12F /* Frameworks */ = {
			isa = PBXFrameworksBuildPhase;
			buildActionMask = 2147483647;
			files = (
			);
			runOnlyForDeploymentPostprocessing = 0;
		};
/* End PBXFrameworksBuildPhase section */

/* Begin PBXGroup section */
		A2D68778266026B40064E12F = {
			isa = PBXGroup;
			children = (
				A2D68783266026B40064E12F /* Forecastr */,
				A2D6879A266026B50064E12F /* ForecastrTests */,
				A2D687A5266026B50064E12F /* ForecastrUITests */,
				A2D68782266026B40064E12F /* Products */,
			);
			sourceTree = "<group>";
		};
		A2D68782266026B40064E12F /* Products */ = {
			isa = PBXGroup;
			children = (
				A2D68781266026B40064E12F /* Forecastr.app */,
				A2D68797266026B50064E12F /* ForecastrTests.xctest */,
				A2D687A2266026B50064E12F /* ForecastrUITests.xctest */,
			);
			name = Products;
			sourceTree = "<group>";
		};
		A2D68783266026B40064E12F /* Forecastr */ = {
			isa = PBXGroup;
			children = (
				A2D687CE26615B670064E12F /* Model */,
				A2D68784266026B40064E12F /* AppDelegate.swift */,
				A2D68786266026B40064E12F /* SceneDelegate.swift */,
				A2D6878D266026B50064E12F /* Assets.xcassets */,
				A2D6878F266026B50064E12F /* LaunchScreen.storyboard */,
				A2D68792266026B50064E12F /* Info.plist */,
				A2D687C926615A4E0064E12F /* CurrentLocationVC.swift */,
				A2D687D726615F460064E12F /* NetworkManager.swift */,
				A2D687DC266161A80064E12F /* FRError.swift */,
				A2D687E526617A810064E12F /* FRButton.swift */,
			);
			path = Forecastr;
			sourceTree = "<group>";
		};
		A2D6879A266026B50064E12F /* ForecastrTests */ = {
			isa = PBXGroup;
			children = (
				A2D6879B266026B50064E12F /* ForecastrTests.swift */,
				A2D6879D266026B50064E12F /* Info.plist */,
			);
			path = ForecastrTests;
			sourceTree = "<group>";
		};
		A2D687A5266026B50064E12F /* ForecastrUITests */ = {
			isa = PBXGroup;
			children = (
				A2D687A6266026B50064E12F /* ForecastrUITests.swift */,
				A2D687A8266026B50064E12F /* Info.plist */,
			);
			path = ForecastrUITests;
			sourceTree = "<group>";
		};
		A2D687CE26615B670064E12F /* Model */ = {
			isa = PBXGroup;
			children = (
				A2D687CF26615BA60064E12F /* WeatherForecast.swift */,
			);
			path = Model;
			sourceTree = "<group>";
		};
/* End PBXGroup section */

/* Begin PBXNativeTarget section */
		A2D68780266026B40064E12F /* Forecastr */ = {
			isa = PBXNativeTarget;
			buildConfigurationList = A2D687AB266026B50064E12F /* Build configuration list for PBXNativeTarget "Forecastr" */;
			buildPhases = (
				A2D6877D266026B40064E12F /* Sources */,
				A2D6877E266026B40064E12F /* Frameworks */,
				A2D6877F266026B40064E12F /* Resources */,
			);
			buildRules = (
			);
			dependencies = (
			);
			name = Forecastr;
			productName = Forecastr;
			productReference = A2D68781266026B40064E12F /* Forecastr.app */;
			productType = "com.apple.product-type.application";
		};
		A2D68796266026B50064E12F /* ForecastrTests */ = {
			isa = PBXNativeTarget;
			buildConfigurationList = A2D687AE266026B50064E12F /* Build configuration list for PBXNativeTarget "ForecastrTests" */;
			buildPhases = (
				A2D68793266026B50064E12F /* Sources */,
				A2D68794266026B50064E12F /* Frameworks */,
				A2D68795266026B50064E12F /* Resources */,
			);
			buildRules = (
			);
			dependencies = (
				A2D68799266026B50064E12F /* PBXTargetDependency */,
			);
			name = ForecastrTests;
			productName = ForecastrTests;
			productReference = A2D68797266026B50064E12F /* ForecastrTests.xctest */;
			productType = "com.apple.product-type.bundle.unit-test";
		};
		A2D687A1266026B50064E12F /* ForecastrUITests */ = {
			isa = PBXNativeTarget;
			buildConfigurationList = A2D687B1266026B50064E12F /* Build configuration list for PBXNativeTarget "ForecastrUITests" */;
			buildPhases = (
				A2D6879E266026B50064E12F /* Sources */,
				A2D6879F266026B50064E12F /* Frameworks */,
				A2D687A0266026B50064E12F /* Resources */,
			);
			buildRules = (
			);
			dependencies = (
				A2D687A4266026B50064E12F /* PBXTargetDependency */,
			);
			name = ForecastrUITests;
			productName = ForecastrUITests;
			productReference = A2D687A2266026B50064E12F /* ForecastrUITests.xctest */;
			productType = "com.apple.product-type.bundle.ui-testing";
		};
/* End PBXNativeTarget section */

/* Begin PBXProject section */
		A2D68779266026B40064E12F /* Project object */ = {
			isa = PBXProject;
			attributes = {
				LastSwiftUpdateCheck = 1240;
				LastUpgradeCheck = 1240;
				TargetAttributes = {
					A2D68780266026B40064E12F = {
						CreatedOnToolsVersion = 12.4;
					};
					A2D68796266026B50064E12F = {
						CreatedOnToolsVersion = 12.4;
						TestTargetID = A2D68780266026B40064E12F;
					};
					A2D687A1266026B50064E12F = {
						CreatedOnToolsVersion = 12.4;
						TestTargetID = A2D68780266026B40064E12F;
					};
				};
			};
			buildConfigurationList = A2D6877C266026B40064E12F /* Build configuration list for PBXProject "Forecastr" */;
			compatibilityVersion = "Xcode 9.3";
			developmentRegion = en;
			hasScannedForEncodings = 0;
			knownRegions = (
				en,
				Base,
			);
			mainGroup = A2D68778266026B40064E12F;
			productRefGroup = A2D68782266026B40064E12F /* Products */;
			projectDirPath = "";
			projectRoot = "";
			targets = (
				A2D68780266026B40064E12F /* Forecastr */,
				A2D68796266026B50064E12F /* ForecastrTests */,
				A2D687A1266026B50064E12F /* ForecastrUITests */,
			);
		};
/* End PBXProject section */

/* Begin PBXResourcesBuildPhase section */
		A2D6877F266026B40064E12F /* Resources */ = {
			isa = PBXResourcesBuildPhase;
			buildActionMask = 2147483647;
			files = (
				A2D68791266026B50064E12F /* LaunchScreen.storyboard in Resources */,
				A2D6878E266026B50064E12F /* Assets.xcassets in Resources */,
			);
			runOnlyForDeploymentPostprocessing = 0;
		};
		A2D68795266026B50064E12F /* Resources */ = {
			isa = PBXResourcesBuildPhase;
			buildActionMask = 2147483647;
			files = (
			);
			runOnlyForDeploymentPostprocessing = 0;
		};
		A2D687A0266026B50064E12F /* Resources */ = {
			isa = PBXResourcesBuildPhase;
			buildActionMask = 2147483647;
			files = (
			);
			runOnlyForDeploymentPostprocessing = 0;
		};
/* End PBXResourcesBuildPhase section */

/* Begin PBXSourcesBuildPhase section */
		A2D6877D266026B40064E12F /* Sources */ = {
			isa = PBXSourcesBuildPhase;
			buildActionMask = 2147483647;
			files = (
				A2D687D026615BA60064E12F /* WeatherForecast.swift in Sources */,
				A2D68785266026B40064E12F /* AppDelegate.swift in Sources */,
				A2D687D826615F460064E12F /* NetworkManager.swift in Sources */,
				A2D687E626617A810064E12F /* FRButton.swift in Sources */,
				A2D68787266026B40064E12F /* SceneDelegate.swift in Sources */,
				A2D687DD266161A80064E12F /* FRError.swift in Sources */,
				A2D687CA26615A4E0064E12F /* CurrentLocationVC.swift in Sources */,
			);
			runOnlyForDeploymentPostprocessing = 0;
		};
		A2D68793266026B50064E12F /* Sources */ = {
			isa = PBXSourcesBuildPhase;
			buildActionMask = 2147483647;
			files = (
				A2D6879C266026B50064E12F /* ForecastrTests.swift in Sources */,
			);
			runOnlyForDeploymentPostprocessing = 0;
		};
		A2D6879E266026B50064E12F /* Sources */ = {
			isa = PBXSourcesBuildPhase;
			buildActionMask = 2147483647;
			files = (
				A2D687A7266026B50064E12F /* ForecastrUITests.swift in Sources */,
			);
			runOnlyForDeploymentPostprocessing = 0;
		};
/* End PBXSourcesBuildPhase section */

/* Begin PBXTargetDependency section */
		A2D68799266026B50064E12F /* PBXTargetDependency */ = {
			isa = PBXTargetDependency;
			target = A2D68780266026B40064E12F /* Forecastr */;
			targetProxy = A2D68798266026B50064E12F /* PBXContainerItemProxy */;
		};
		A2D687A4266026B50064E12F /* PBXTargetDependency */ = {
			isa = PBXTargetDependency;
			target = A2D68780266026B40064E12F /* Forecastr */;
			targetProxy = A2D687A3266026B50064E12F /* PBXContainerItemProxy */;
		};
/* End PBXTargetDependency section */

/* Begin PBXVariantGroup section */
		A2D6878F266026B50064E12F /* LaunchScreen.storyboard */ = {
			isa = PBXVariantGroup;
			children = (
				A2D68790266026B50064E12F /* Base */,
			);
			name = LaunchScreen.storyboard;
			sourceTree = "<group>";
		};
/* End PBXVariantGroup section */

/* Begin XCBuildConfiguration section */
		A2D687A9266026B50064E12F /* Debug */ = {
			isa = XCBuildConfiguration;
			buildSettings = {
				ALWAYS_SEARCH_USER_PATHS = NO;
				CLANG_ANALYZER_NONNULL = YES;
				CLANG_ANALYZER_NUMBER_OBJECT_CONVERSION = YES_AGGRESSIVE;
				CLANG_CXX_LANGUAGE_STANDARD = "gnu++14";
				CLANG_CXX_LIBRARY = "libc++";
				CLANG_ENABLE_MODULES = YES;
				CLANG_ENABLE_OBJC_ARC = YES;
				CLANG_ENABLE_OBJC_WEAK = YES;
				CLANG_WARN_BLOCK_CAPTURE_AUTORELEASING = YES;
				CLANG_WARN_BOOL_CONVERSION = YES;
				CLANG_WARN_COMMA = YES;
				CLANG_WARN_CONSTANT_CONVERSION = YES;
				CLANG_WARN_DEPRECATED_OBJC_IMPLEMENTATIONS = YES;
				CLANG_WARN_DIRECT_OBJC_ISA_USAGE = YES_ERROR;
				CLANG_WARN_DOCUMENTATION_COMMENTS = YES;
				CLANG_WARN_EMPTY_BODY = YES;
				CLANG_WARN_ENUM_CONVERSION = YES;
				CLANG_WARN_INFINITE_RECURSION = YES;
				CLANG_WARN_INT_CONVERSION = YES;
				CLANG_WARN_NON_LITERAL_NULL_CONVERSION = YES;
				CLANG_WARN_OBJC_IMPLICIT_RETAIN_SELF = YES;
				CLANG_WARN_OBJC_LITERAL_CONVERSION = YES;
				CLANG_WARN_OBJC_ROOT_CLASS = YES_ERROR;
				CLANG_WARN_QUOTED_INCLUDE_IN_FRAMEWORK_HEADER = YES;
				CLANG_WARN_RANGE_LOOP_ANALYSIS = YES;
				CLANG_WARN_STRICT_PROTOTYPES = YES;
				CLANG_WARN_SUSPICIOUS_MOVE = YES;
				CLANG_WARN_UNGUARDED_AVAILABILITY = YES_AGGRESSIVE;
				CLANG_WARN_UNREACHABLE_CODE = YES;
				CLANG_WARN__DUPLICATE_METHOD_MATCH = YES;
				COPY_PHASE_STRIP = NO;
				DEBUG_INFORMATION_FORMAT = dwarf;
				ENABLE_STRICT_OBJC_MSGSEND = YES;
				ENABLE_TESTABILITY = YES;
				GCC_C_LANGUAGE_STANDARD = gnu11;
				GCC_DYNAMIC_NO_PIC = NO;
				GCC_NO_COMMON_BLOCKS = YES;
				GCC_OPTIMIZATION_LEVEL = 0;
				GCC_PREPROCESSOR_DEFINITIONS = (
					"DEBUG=1",
					"$(inherited)",
				);
				GCC_WARN_64_TO_32_BIT_CONVERSION = YES;
				GCC_WARN_ABOUT_RETURN_TYPE = YES_ERROR;
				GCC_WARN_UNDECLARED_SELECTOR = YES;
				GCC_WARN_UNINITIALIZED_AUTOS = YES_AGGRESSIVE;
				GCC_WARN_UNUSED_FUNCTION = YES;
				GCC_WARN_UNUSED_VARIABLE = YES;
				IPHONEOS_DEPLOYMENT_TARGET = 14.4;
				MTL_ENABLE_DEBUG_INFO = INCLUDE_SOURCE;
				MTL_FAST_MATH = YES;
				ONLY_ACTIVE_ARCH = YES;
				SDKROOT = iphoneos;
				SWIFT_ACTIVE_COMPILATION_CONDITIONS = DEBUG;
				SWIFT_OPTIMIZATION_LEVEL = "-Onone";
			};
			name = Debug;
		};
		A2D687AA266026B50064E12F /* Release */ = {
			isa = XCBuildConfiguration;
			buildSettings = {
				ALWAYS_SEARCH_USER_PATHS = NO;
				CLANG_ANALYZER_NONNULL = YES;
				CLANG_ANALYZER_NUMBER_OBJECT_CONVERSION = YES_AGGRESSIVE;
				CLANG_CXX_LANGUAGE_STANDARD = "gnu++14";
				CLANG_CXX_LIBRARY = "libc++";
				CLANG_ENABLE_MODULES = YES;
				CLANG_ENABLE_OBJC_ARC = YES;
				CLANG_ENABLE_OBJC_WEAK = YES;
				CLANG_WARN_BLOCK_CAPTURE_AUTORELEASING = YES;
				CLANG_WARN_BOOL_CONVERSION = YES;
				CLANG_WARN_COMMA = YES;
				CLANG_WARN_CONSTANT_CONVERSION = YES;
				CLANG_WARN_DEPRECATED_OBJC_IMPLEMENTATIONS = YES;
				CLANG_WARN_DIRECT_OBJC_ISA_USAGE = YES_ERROR;
				CLANG_WARN_DOCUMENTATION_COMMENTS = YES;
				CLANG_WARN_EMPTY_BODY = YES;
				CLANG_WARN_ENUM_CONVERSION = YES;
				CLANG_WARN_INFINITE_RECURSION = YES;
				CLANG_WARN_INT_CONVERSION = YES;
				CLANG_WARN_NON_LITERAL_NULL_CONVERSION = YES;
				CLANG_WARN_OBJC_IMPLICIT_RETAIN_SELF = YES;
				CLANG_WARN_OBJC_LITERAL_CONVERSION = YES;
				CLANG_WARN_OBJC_ROOT_CLASS = YES_ERROR;
				CLANG_WARN_QUOTED_INCLUDE_IN_FRAMEWORK_HEADER = YES;
				CLANG_WARN_RANGE_LOOP_ANALYSIS = YES;
				CLANG_WARN_STRICT_PROTOTYPES = YES;
				CLANG_WARN_SUSPICIOUS_MOVE = YES;
				CLANG_WARN_UNGUARDED_AVAILABILITY = YES_AGGRESSIVE;
				CLANG_WARN_UNREACHABLE_CODE = YES;
				CLANG_WARN__DUPLICATE_METHOD_MATCH = YES;
				COPY_PHASE_STRIP = NO;
				DEBUG_INFORMATION_FORMAT = "dwarf-with-dsym";
				ENABLE_NS_ASSERTIONS = NO;
				ENABLE_STRICT_OBJC_MSGSEND = YES;
				GCC_C_LANGUAGE_STANDARD = gnu11;
				GCC_NO_COMMON_BLOCKS = YES;
				GCC_WARN_64_TO_32_BIT_CONVERSION = YES;
				GCC_WARN_ABOUT_RETURN_TYPE = YES_ERROR;
				GCC_WARN_UNDECLARED_SELECTOR = YES;
				GCC_WARN_UNINITIALIZED_AUTOS = YES_AGGRESSIVE;
				GCC_WARN_UNUSED_FUNCTION = YES;
				GCC_WARN_UNUSED_VARIABLE = YES;
				IPHONEOS_DEPLOYMENT_TARGET = 14.4;
				MTL_ENABLE_DEBUG_INFO = NO;
				MTL_FAST_MATH = YES;
				SDKROOT = iphoneos;
				SWIFT_COMPILATION_MODE = wholemodule;
				SWIFT_OPTIMIZATION_LEVEL = "-O";
				VALIDATE_PRODUCT = YES;
			};
			name = Release;
		};
		A2D687AC266026B50064E12F /* Debug */ = {
			isa = XCBuildConfiguration;
			buildSettings = {
				ASSETCATALOG_COMPILER_APPICON_NAME = AppIcon;
				ASSETCATALOG_COMPILER_GLOBAL_ACCENT_COLOR_NAME = AccentColor;
				CODE_SIGN_STYLE = Automatic;
				DEVELOPMENT_TEAM = 3R37NSCF4B;
				INFOPLIST_FILE = Forecastr/Info.plist;
				LD_RUNPATH_SEARCH_PATHS = (
					"$(inherited)",
					"@executable_path/Frameworks",
				);
				PRODUCT_BUNDLE_IDENTIFIER = com.evanbutler.Forecastr;
				PRODUCT_NAME = "$(TARGET_NAME)";
				SWIFT_VERSION = 5.0;
				TARGETED_DEVICE_FAMILY = 1;
			};
			name = Debug;
		};
		A2D687AD266026B50064E12F /* Release */ = {
			isa = XCBuildConfiguration;
			buildSettings = {
				ASSETCATALOG_COMPILER_APPICON_NAME = AppIcon;
				ASSETCATALOG_COMPILER_GLOBAL_ACCENT_COLOR_NAME = AccentColor;
				CODE_SIGN_STYLE = Automatic;
				DEVELOPMENT_TEAM = 3R37NSCF4B;
				INFOPLIST_FILE = Forecastr/Info.plist;
				LD_RUNPATH_SEARCH_PATHS = (
					"$(inherited)",
					"@executable_path/Frameworks",
				);
				PRODUCT_BUNDLE_IDENTIFIER = com.evanbutler.Forecastr;
				PRODUCT_NAME = "$(TARGET_NAME)";
				SWIFT_VERSION = 5.0;
				TARGETED_DEVICE_FAMILY = 1;
			};
			name = Release;
		};
		A2D687AF266026B50064E12F /* Debug */ = {
			isa = XCBuildConfiguration;
			buildSettings = {
				ALWAYS_EMBED_SWIFT_STANDARD_LIBRARIES = YES;
				BUNDLE_LOADER = "$(TEST_HOST)";
				CODE_SIGN_STYLE = Automatic;
				DEVELOPMENT_TEAM = 3R37NSCF4B;
				INFOPLIST_FILE = ForecastrTests/Info.plist;
				IPHONEOS_DEPLOYMENT_TARGET = 14.4;
				LD_RUNPATH_SEARCH_PATHS = (
					"$(inherited)",
					"@executable_path/Frameworks",
					"@loader_path/Frameworks",
				);
				PRODUCT_BUNDLE_IDENTIFIER = com.evanbutler.ForecastrTests;
				PRODUCT_NAME = "$(TARGET_NAME)";
				SWIFT_VERSION = 5.0;
				TARGETED_DEVICE_FAMILY = "1,2";
				TEST_HOST = "$(BUILT_PRODUCTS_DIR)/Forecastr.app/Forecastr";
			};
			name = Debug;
		};
		A2D687B0266026B50064E12F /* Release */ = {
			isa = XCBuildConfiguration;
			buildSettings = {
				ALWAYS_EMBED_SWIFT_STANDARD_LIBRARIES = YES;
				BUNDLE_LOADER = "$(TEST_HOST)";
				CODE_SIGN_STYLE = Automatic;
				DEVELOPMENT_TEAM = 3R37NSCF4B;
				INFOPLIST_FILE = ForecastrTests/Info.plist;
				IPHONEOS_DEPLOYMENT_TARGET = 14.4;
				LD_RUNPATH_SEARCH_PATHS = (
					"$(inherited)",
					"@executable_path/Frameworks",
					"@loader_path/Frameworks",
				);
				PRODUCT_BUNDLE_IDENTIFIER = com.evanbutler.ForecastrTests;
				PRODUCT_NAME = "$(TARGET_NAME)";
				SWIFT_VERSION = 5.0;
				TARGETED_DEVICE_FAMILY = "1,2";
				TEST_HOST = "$(BUILT_PRODUCTS_DIR)/Forecastr.app/Forecastr";
			};
			name = Release;
		};
		A2D687B2266026B50064E12F /* Debug */ = {
			isa = XCBuildConfiguration;
			buildSettings = {
				ALWAYS_EMBED_SWIFT_STANDARD_LIBRARIES = YES;
				CODE_SIGN_STYLE = Automatic;
				DEVELOPMENT_TEAM = 3R37NSCF4B;
				INFOPLIST_FILE = ForecastrUITests/Info.plist;
				LD_RUNPATH_SEARCH_PATHS = (
					"$(inherited)",
					"@executable_path/Frameworks",
					"@loader_path/Frameworks",
				);
				PRODUCT_BUNDLE_IDENTIFIER = com.evanbutler.ForecastrUITests;
				PRODUCT_NAME = "$(TARGET_NAME)";
				SWIFT_VERSION = 5.0;
				TARGETED_DEVICE_FAMILY = "1,2";
				TEST_TARGET_NAME = Forecastr;
			};
			name = Debug;
		};
		A2D687B3266026B50064E12F /* Release */ = {
			isa = XCBuildConfiguration;
			buildSettings = {
				ALWAYS_EMBED_SWIFT_STANDARD_LIBRARIES = YES;
				CODE_SIGN_STYLE = Automatic;
				DEVELOPMENT_TEAM = 3R37NSCF4B;
				INFOPLIST_FILE = ForecastrUITests/Info.plist;
				LD_RUNPATH_SEARCH_PATHS = (
					"$(inherited)",
					"@executable_path/Frameworks",
					"@loader_path/Frameworks",
				);
				PRODUCT_BUNDLE_IDENTIFIER = com.evanbutler.ForecastrUITests;
				PRODUCT_NAME = "$(TARGET_NAME)";
				SWIFT_VERSION = 5.0;
				TARGETED_DEVICE_FAMILY = "1,2";
				TEST_TARGET_NAME = Forecastr;
			};
			name = Release;
		};
/* End XCBuildConfiguration section */

/* Begin XCConfigurationList section */
		A2D6877C266026B40064E12F /* Build configuration list for PBXProject "Forecastr" */ = {
			isa = XCConfigurationList;
			buildConfigurations = (
				A2D687A9266026B50064E12F /* Debug */,
				A2D687AA266026B50064E12F /* Release */,
			);
			defaultConfigurationIsVisible = 0;
			defaultConfigurationName = Release;
		};
		A2D687AB266026B50064E12F /* Build configuration list for PBXNativeTarget "Forecastr" */ = {
			isa = XCConfigurationList;
			buildConfigurations = (
				A2D687AC266026B50064E12F /* Debug */,
				A2D687AD266026B50064E12F /* Release */,
			);
			defaultConfigurationIsVisible = 0;
			defaultConfigurationName = Release;
		};
		A2D687AE266026B50064E12F /* Build configuration list for PBXNativeTarget "ForecastrTests" */ = {
			isa = XCConfigurationList;
			buildConfigurations = (
				A2D687AF266026B50064E12F /* Debug */,
				A2D687B0266026B50064E12F /* Release */,
			);
			defaultConfigurationIsVisible = 0;
			defaultConfigurationName = Release;
		};
		A2D687B1266026B50064E12F /* Build configuration list for PBXNativeTarget "ForecastrUITests" */ = {
			isa = XCConfigurationList;
			buildConfigurations = (
				A2D687B2266026B50064E12F /* Debug */,
				A2D687B3266026B50064E12F /* Release */,
			);
			defaultConfigurationIsVisible = 0;
			defaultConfigurationName = Release;
		};
/* End XCConfigurationList section */
	};
	rootObject = A2D68779266026B40064E12F /* Project object */;
}
